
Microsoft Visual Studio Solution File, Format Version 12.00
# Visual Studio Version 17
VisualStudioVersion = 17.9.34622.214
MinimumVisualStudioVersion = 10.0.40219.1
Project("{FAE04EC0-301F-11D3-BF4B-00C04F79EFBC}") = "CSVFileReader", "CSVFileReader\CSVFileReader.csproj", "{73A7549A-442D-4B32-AA20-CB668B021B22}"
EndProject
Global
	GlobalSection(SolutionConfigurationPlatforms) = preSolution
		Debug|Any CPU = Debug|Any CPU
		Release|Any CPU = Release|Any CPU
	EndGlobalSection
	GlobalSection(ProjectConfigurationPlatforms) = postSolution
		{73A7549A-442D-4B32-AA20-CB668B021B22}.Debug|Any CPU.ActiveCfg = Debug|Any CPU
		{73A7549A-442D-4B32-AA20-CB668B021B22}.Debug|Any CPU.Build.0 = Debug|Any CPU
		{73A7549A-442D-4B32-AA20-CB668B021B22}.Release|Any CPU.ActiveCfg = Release|Any CPU
		{73A7549A-442D-4B32-AA20-CB668B021B22}.Release|Any CPU.Build.0 = Release|Any CPU
	EndGlobalSection
	GlobalSection(SolutionProperties) = preSolution
		HideSolutionNode = FALSE
	EndGlobalSection
	GlobalSection(ExtensibilityGlobals) = postSolution
		SolutionGuid = {DFD826BD-1CD6-48EC-9616-F02EEDC71E69}
	EndGlobalSection
EndGlobal
